# This file is autogenerated, do not edit; changes may be undone by the next 'dep ensure'.


[[projects]]
  branch = "master"
  name = "github.com/aybabtme/color"
  packages = [".","brush"]
  revision = "28ad4cc941d69a60df8d0af1233fd5a2793c2801"

[solve-meta]
  analyzer-name = "dep"
  analyzer-version = 1
  inputs-digest = "4942cee0c514ea8e85740a4020ccbbdffb8928e28f94a9c9ab092d54ad3b3d65"
  solver-name = "gps-cdcl"
  solver-version = 1
